// !$*UTF8*$!
{
	archiveVersion = 1;
	classes = {
	};
	objectVersion = 46;
	objects = {

/* Begin PBXBuildFile section */
		953EAE351ED54D2800F9B281 /* Podfile in Resources */ = {isa = PBXBuildFile; fileRef = 953EAE341ED54D2800F9B281 /* Podfile */; };
		953EAE3B1EDCD99100F9B281 /* LocalRepositoryService.swift in Sources */ = {isa = PBXBuildFile; fileRef = 953EAE3A1EDCD99100F9B281 /* LocalRepositoryService.swift */; };
		953EAE3E1EDCDCB500F9B281 /* UPool.xcdatamodeld in Sources */ = {isa = PBXBuildFile; fileRef = 953EAE3C1EDCDCB500F9B281 /* UPool.xcdatamodeld */; };
		953EAE4E1EDD17DE00F9B281 /* User+CoreDataClass.swift in Sources */ = {isa = PBXBuildFile; fileRef = 953EAE4C1EDD17DE00F9B281 /* User+CoreDataClass.swift */; };
		953EAE4F1EDD17DE00F9B281 /* User+CoreDataProperties.swift in Sources */ = {isa = PBXBuildFile; fileRef = 953EAE4D1EDD17DE00F9B281 /* User+CoreDataProperties.swift */; };
		953EAE521EDD186A00F9B281 /* SignUpModel.swift in Sources */ = {isa = PBXBuildFile; fileRef = 953EAE511EDD186A00F9B281 /* SignUpModel.swift */; };
		9568A4301ED37F0000EAB05B /* UIColorExtension.swift in Sources */ = {isa = PBXBuildFile; fileRef = 9568A42F1ED37F0000EAB05B /* UIColorExtension.swift */; };
		9568A4321ED5395700EAB05B /* VehicleRequest.storyboard in Resources */ = {isa = PBXBuildFile; fileRef = 9568A4311ED5395700EAB05B /* VehicleRequest.storyboard */; };
		9568A4341ED5397800EAB05B /* VehicleRequestViewController.swift in Sources */ = {isa = PBXBuildFile; fileRef = 9568A4331ED5397800EAB05B /* VehicleRequestViewController.swift */; };
		959A24811ED171BE00C343CE /* Localizable.plist in Resources */ = {isa = PBXBuildFile; fileRef = 959A24831ED171BE00C343CE /* Localizable.plist */; };
		959A24861ED1722100C343CE /* Localizator.swift in Sources */ = {isa = PBXBuildFile; fileRef = 959A24851ED1722100C343CE /* Localizator.swift */; };
		959A24881ED21D1C00C343CE /* SignUp.storyboard in Resources */ = {isa = PBXBuildFile; fileRef = 959A24871ED21D1C00C343CE /* SignUp.storyboard */; };
		959A248A1ED21D4F00C343CE /* SignUpViewController.swift in Sources */ = {isa = PBXBuildFile; fileRef = 959A24891ED21D4F00C343CE /* SignUpViewController.swift */; };
		959BD48D1ED167230054F885 /* UIViewControllerExtension.swift in Sources */ = {isa = PBXBuildFile; fileRef = 959BD48C1ED167230054F885 /* UIViewControllerExtension.swift */; };
		95ABE0951ECEC95200C7E4F8 /* AppDelegate.swift in Sources */ = {isa = PBXBuildFile; fileRef = 95ABE0941ECEC95200C7E4F8 /* AppDelegate.swift */; };
		95ABE0971ECEC95200C7E4F8 /* SignInViewController.swift in Sources */ = {isa = PBXBuildFile; fileRef = 95ABE0961ECEC95200C7E4F8 /* SignInViewController.swift */; };
		95ABE09A1ECEC95200C7E4F8 /* SignIn.storyboard in Resources */ = {isa = PBXBuildFile; fileRef = 95ABE0981ECEC95200C7E4F8 /* SignIn.storyboard */; };
		95ABE09C1ECEC95200C7E4F8 /* Assets.xcassets in Resources */ = {isa = PBXBuildFile; fileRef = 95ABE09B1ECEC95200C7E4F8 /* Assets.xcassets */; };
		95ABE09F1ECEC95200C7E4F8 /* LaunchScreen.storyboard in Resources */ = {isa = PBXBuildFile; fileRef = 95ABE09D1ECEC95200C7E4F8 /* LaunchScreen.storyboard */; };
		95ABE0AA1ECEC95200C7E4F8 /* UPoolTests.swift in Sources */ = {isa = PBXBuildFile; fileRef = 95ABE0A91ECEC95200C7E4F8 /* UPoolTests.swift */; };
		95ABE0B51ECEC95200C7E4F8 /* UPoolUITests.swift in Sources */ = {isa = PBXBuildFile; fileRef = 95ABE0B41ECEC95200C7E4F8 /* UPoolUITests.swift */; };
		95DBDDA81EDD3F9400D652B1 /* ISignUpModel.swift in Sources */ = {isa = PBXBuildFile; fileRef = 95DBDDA71EDD3F9400D652B1 /* ISignUpModel.swift */; };
		95E823151EDF583F00993AD4 /* NetworkClient.swift in Sources */ = {isa = PBXBuildFile; fileRef = 95E823141EDF583F00993AD4 /* NetworkClient.swift */; };
		95E823171EDF58F800993AD4 /* NetworkConstants.swift in Sources */ = {isa = PBXBuildFile; fileRef = 95E823161EDF58F800993AD4 /* NetworkConstants.swift */; };
		95E823191EDF5F2000993AD4 /* NetworkConfig.swift in Sources */ = {isa = PBXBuildFile; fileRef = 95E823181EDF5F2000993AD4 /* NetworkConfig.swift */; };
		95E8231E1EDF601F00993AD4 /* NetworkConvenience.swift in Sources */ = {isa = PBXBuildFile; fileRef = 95E8231D1EDF601F00993AD4 /* NetworkConvenience.swift */; };
		F4A7B097311019B4AA8BC69D /* Pods_UPool.framework in Frameworks */ = {isa = PBXBuildFile; fileRef = 43BA6626B37608F4AEB6EBF9 /* Pods_UPool.framework */; };
/* End PBXBuildFile section */

/* Begin PBXContainerItemProxy section */
		95ABE0A61ECEC95200C7E4F8 /* PBXContainerItemProxy */ = {
			isa = PBXContainerItemProxy;
			containerPortal = 95ABE0891ECEC95200C7E4F8 /* Project object */;
			proxyType = 1;
			remoteGlobalIDString = 95ABE0901ECEC95200C7E4F8;
			remoteInfo = UPool;
		};
		95ABE0B11ECEC95200C7E4F8 /* PBXContainerItemProxy */ = {
			isa = PBXContainerItemProxy;
			containerPortal = 95ABE0891ECEC95200C7E4F8 /* Project object */;
			proxyType = 1;
			remoteGlobalIDString = 95ABE0901ECEC95200C7E4F8;
			remoteInfo = UPool;
		};
/* End PBXContainerItemProxy section */

/* Begin PBXFileReference section */
		43BA6626B37608F4AEB6EBF9 /* Pods_UPool.framework */ = {isa = PBXFileReference; explicitFileType = wrapper.framework; includeInIndex = 0; path = Pods_UPool.framework; sourceTree = BUILT_PRODUCTS_DIR; };
		5E85308045E832C988728C86 /* Pods-UPool.debug.xcconfig */ = {isa = PBXFileReference; includeInIndex = 1; lastKnownFileType = text.xcconfig; name = "Pods-UPool.debug.xcconfig"; path = "Pods/Target Support Files/Pods-UPool/Pods-UPool.debug.xcconfig"; sourceTree = "<group>"; };
		953EAE341ED54D2800F9B281 /* Podfile */ = {isa = PBXFileReference; fileEncoding = 4; lastKnownFileType = text; path = Podfile; sourceTree = "<group>"; };
		953EAE3A1EDCD99100F9B281 /* LocalRepositoryService.swift */ = {isa = PBXFileReference; fileEncoding = 4; lastKnownFileType = sourcecode.swift; path = LocalRepositoryService.swift; sourceTree = "<group>"; };
		953EAE3D1EDCDCB500F9B281 /* UPool.xcdatamodel */ = {isa = PBXFileReference; lastKnownFileType = wrapper.xcdatamodel; path = UPool.xcdatamodel; sourceTree = "<group>"; };
		953EAE4C1EDD17DE00F9B281 /* User+CoreDataClass.swift */ = {isa = PBXFileReference; fileEncoding = 4; lastKnownFileType = sourcecode.swift; path = "User+CoreDataClass.swift"; sourceTree = "<group>"; };
		953EAE4D1EDD17DE00F9B281 /* User+CoreDataProperties.swift */ = {isa = PBXFileReference; fileEncoding = 4; lastKnownFileType = sourcecode.swift; path = "User+CoreDataProperties.swift"; sourceTree = "<group>"; };
		953EAE511EDD186A00F9B281 /* SignUpModel.swift */ = {isa = PBXFileReference; fileEncoding = 4; lastKnownFileType = sourcecode.swift; path = SignUpModel.swift; sourceTree = "<group>"; };
		9568A42F1ED37F0000EAB05B /* UIColorExtension.swift */ = {isa = PBXFileReference; fileEncoding = 4; lastKnownFileType = sourcecode.swift; path = UIColorExtension.swift; sourceTree = "<group>"; };
		9568A4311ED5395700EAB05B /* VehicleRequest.storyboard */ = {isa = PBXFileReference; fileEncoding = 4; lastKnownFileType = file.storyboard; path = VehicleRequest.storyboard; sourceTree = "<group>"; };
		9568A4331ED5397800EAB05B /* VehicleRequestViewController.swift */ = {isa = PBXFileReference; fileEncoding = 4; lastKnownFileType = sourcecode.swift; path = VehicleRequestViewController.swift; sourceTree = "<group>"; };
		959A24841ED171C300C343CE /* en */ = {isa = PBXFileReference; lastKnownFileType = text.plist.xml; name = en; path = en.lproj/Localizable.plist; sourceTree = "<group>"; };
		959A24851ED1722100C343CE /* Localizator.swift */ = {isa = PBXFileReference; fileEncoding = 4; lastKnownFileType = sourcecode.swift; path = Localizator.swift; sourceTree = "<group>"; };
		959A24871ED21D1C00C343CE /* SignUp.storyboard */ = {isa = PBXFileReference; fileEncoding = 4; lastKnownFileType = file.storyboard; path = SignUp.storyboard; sourceTree = "<group>"; };
		959A24891ED21D4F00C343CE /* SignUpViewController.swift */ = {isa = PBXFileReference; fileEncoding = 4; lastKnownFileType = sourcecode.swift; path = SignUpViewController.swift; sourceTree = "<group>"; };
		959BD48C1ED167230054F885 /* UIViewControllerExtension.swift */ = {isa = PBXFileReference; fileEncoding = 4; lastKnownFileType = sourcecode.swift; path = UIViewControllerExtension.swift; sourceTree = "<group>"; };
		95ABE0911ECEC95200C7E4F8 /* UPool.app */ = {isa = PBXFileReference; explicitFileType = wrapper.application; includeInIndex = 0; path = UPool.app; sourceTree = BUILT_PRODUCTS_DIR; };
		95ABE0941ECEC95200C7E4F8 /* AppDelegate.swift */ = {isa = PBXFileReference; lastKnownFileType = sourcecode.swift; path = AppDelegate.swift; sourceTree = "<group>"; };
		95ABE0961ECEC95200C7E4F8 /* SignInViewController.swift */ = {isa = PBXFileReference; lastKnownFileType = sourcecode.swift; path = SignInViewController.swift; sourceTree = "<group>"; };
		95ABE0991ECEC95200C7E4F8 /* Base */ = {isa = PBXFileReference; lastKnownFileType = file.storyboard; name = Base; path = Base.lproj/SignIn.storyboard; sourceTree = "<group>"; };
		95ABE09B1ECEC95200C7E4F8 /* Assets.xcassets */ = {isa = PBXFileReference; lastKnownFileType = folder.assetcatalog; path = Assets.xcassets; sourceTree = "<group>"; };
		95ABE09E1ECEC95200C7E4F8 /* Base */ = {isa = PBXFileReference; lastKnownFileType = file.storyboard; name = Base; path = Base.lproj/LaunchScreen.storyboard; sourceTree = "<group>"; };
		95ABE0A01ECEC95200C7E4F8 /* Info.plist */ = {isa = PBXFileReference; lastKnownFileType = text.plist.xml; path = Info.plist; sourceTree = "<group>"; };
		95ABE0A51ECEC95200C7E4F8 /* UPoolTests.xctest */ = {isa = PBXFileReference; explicitFileType = wrapper.cfbundle; includeInIndex = 0; path = UPoolTests.xctest; sourceTree = BUILT_PRODUCTS_DIR; };
		95ABE0A91ECEC95200C7E4F8 /* UPoolTests.swift */ = {isa = PBXFileReference; lastKnownFileType = sourcecode.swift; path = UPoolTests.swift; sourceTree = "<group>"; };
		95ABE0AB1ECEC95200C7E4F8 /* Info.plist */ = {isa = PBXFileReference; lastKnownFileType = text.plist.xml; path = Info.plist; sourceTree = "<group>"; };
		95ABE0B01ECEC95200C7E4F8 /* UPoolUITests.xctest */ = {isa = PBXFileReference; explicitFileType = wrapper.cfbundle; includeInIndex = 0; path = UPoolUITests.xctest; sourceTree = BUILT_PRODUCTS_DIR; };
		95ABE0B41ECEC95200C7E4F8 /* UPoolUITests.swift */ = {isa = PBXFileReference; lastKnownFileType = sourcecode.swift; path = UPoolUITests.swift; sourceTree = "<group>"; };
		95ABE0B61ECEC95200C7E4F8 /* Info.plist */ = {isa = PBXFileReference; lastKnownFileType = text.plist.xml; path = Info.plist; sourceTree = "<group>"; };
		95DBDDA71EDD3F9400D652B1 /* ISignUpModel.swift */ = {isa = PBXFileReference; fileEncoding = 4; lastKnownFileType = sourcecode.swift; path = ISignUpModel.swift; sourceTree = "<group>"; };
		95E823141EDF583F00993AD4 /* NetworkClient.swift */ = {isa = PBXFileReference; fileEncoding = 4; lastKnownFileType = sourcecode.swift; path = NetworkClient.swift; sourceTree = "<group>"; };
		95E823161EDF58F800993AD4 /* NetworkConstants.swift */ = {isa = PBXFileReference; fileEncoding = 4; lastKnownFileType = sourcecode.swift; path = NetworkConstants.swift; sourceTree = "<group>"; };
		95E823181EDF5F2000993AD4 /* NetworkConfig.swift */ = {isa = PBXFileReference; fileEncoding = 4; lastKnownFileType = sourcecode.swift; path = NetworkConfig.swift; sourceTree = "<group>"; };
		95E8231D1EDF601F00993AD4 /* NetworkConvenience.swift */ = {isa = PBXFileReference; fileEncoding = 4; lastKnownFileType = sourcecode.swift; path = NetworkConvenience.swift; sourceTree = "<group>"; };
		BA2DEA23198A7860BEBA1C1B /* Pods-UPool.release.xcconfig */ = {isa = PBXFileReference; includeInIndex = 1; lastKnownFileType = text.xcconfig; name = "Pods-UPool.release.xcconfig"; path = "Pods/Target Support Files/Pods-UPool/Pods-UPool.release.xcconfig"; sourceTree = "<group>"; };
/* End PBXFileReference section */

/* Begin PBXFrameworksBuildPhase section */
		95ABE08E1ECEC95200C7E4F8 /* Frameworks */ = {
			isa = PBXFrameworksBuildPhase;
			buildActionMask = 2147483647;
			files = (
				F4A7B097311019B4AA8BC69D /* Pods_UPool.framework in Frameworks */,
			);
			runOnlyForDeploymentPostprocessing = 0;
		};
		95ABE0A21ECEC95200C7E4F8 /* Frameworks */ = {
			isa = PBXFrameworksBuildPhase;
			buildActionMask = 2147483647;
			files = (
			);
			runOnlyForDeploymentPostprocessing = 0;
		};
		95ABE0AD1ECEC95200C7E4F8 /* Frameworks */ = {
			isa = PBXFrameworksBuildPhase;
			buildActionMask = 2147483647;
			files = (
			);
			runOnlyForDeploymentPostprocessing = 0;
		};
/* End PBXFrameworksBuildPhase section */

/* Begin PBXGroup section */
		21DFA39A6E7B16AE094E3C65 /* Frameworks */ = {
			isa = PBXGroup;
			children = (
				43BA6626B37608F4AEB6EBF9 /* Pods_UPool.framework */,
			);
			name = Frameworks;
			sourceTree = "<group>";
		};
		942F1EA83DDEFA7B914AF375 /* Pods */ = {
			isa = PBXGroup;
			children = (
				5E85308045E832C988728C86 /* Pods-UPool.debug.xcconfig */,
				BA2DEA23198A7860BEBA1C1B /* Pods-UPool.release.xcconfig */,
			);
			name = Pods;
			sourceTree = "<group>";
		};
		953EAE391EDCD91300F9B281 /* Services */ = {
			isa = PBXGroup;
			children = (
				953EAE3A1EDCD99100F9B281 /* LocalRepositoryService.swift */,
			);
			name = Services;
			sourceTree = "<group>";
		};
		953EAE431EDD164A00F9B281 /* DataModels */ = {
			isa = PBXGroup;
			children = (
				953EAE4C1EDD17DE00F9B281 /* User+CoreDataClass.swift */,
				953EAE4D1EDD17DE00F9B281 /* User+CoreDataProperties.swift */,
			);
			name = DataModels;
			sourceTree = "<group>";
		};
		953EAE501EDD184000F9B281 /* Models */ = {
			isa = PBXGroup;
			children = (
				95DBDDA61EDD3F7700D652B1 /* IModels */,
				953EAE511EDD186A00F9B281 /* SignUpModel.swift */,
			);
			name = Models;
			sourceTree = "<group>";
		};
		956899B01ED0AD0900ADEEF6 /* ViesControllers */ = {
			isa = PBXGroup;
			children = (
				95ABE0961ECEC95200C7E4F8 /* SignInViewController.swift */,
				959A24891ED21D4F00C343CE /* SignUpViewController.swift */,
				9568A4331ED5397800EAB05B /* VehicleRequestViewController.swift */,
			);
			name = ViesControllers;
			sourceTree = "<group>";
		};
		956899B11ED0AD1C00ADEEF6 /* StoryBoards */ = {
			isa = PBXGroup;
			children = (
				95ABE0981ECEC95200C7E4F8 /* SignIn.storyboard */,
				959A24871ED21D1C00C343CE /* SignUp.storyboard */,
				9568A4311ED5395700EAB05B /* VehicleRequest.storyboard */,
			);
			name = StoryBoards;
			sourceTree = "<group>";
		};
		959BD48B1ED166E50054F885 /* Resources */ = {
			isa = PBXGroup;
			children = (
				959BD48C1ED167230054F885 /* UIViewControllerExtension.swift */,
				959A24831ED171BE00C343CE /* Localizable.plist */,
				959A24851ED1722100C343CE /* Localizator.swift */,
				9568A42F1ED37F0000EAB05B /* UIColorExtension.swift */,
			);
			name = Resources;
			sourceTree = "<group>";
		};
		95ABE0881ECEC95200C7E4F8 = {
			isa = PBXGroup;
			children = (
				953EAE341ED54D2800F9B281 /* Podfile */,
				95ABE0931ECEC95200C7E4F8 /* UPool */,
				95ABE0A81ECEC95200C7E4F8 /* UPoolTests */,
				95ABE0B31ECEC95200C7E4F8 /* UPoolUITests */,
				95ABE0921ECEC95200C7E4F8 /* Products */,
				942F1EA83DDEFA7B914AF375 /* Pods */,
				21DFA39A6E7B16AE094E3C65 /* Frameworks */,
			);
			sourceTree = "<group>";
		};
		95ABE0921ECEC95200C7E4F8 /* Products */ = {
			isa = PBXGroup;
			children = (
				95ABE0911ECEC95200C7E4F8 /* UPool.app */,
				95ABE0A51ECEC95200C7E4F8 /* UPoolTests.xctest */,
				95ABE0B01ECEC95200C7E4F8 /* UPoolUITests.xctest */,
			);
			name = Products;
			sourceTree = "<group>";
		};
		95ABE0931ECEC95200C7E4F8 /* UPool */ = {
			isa = PBXGroup;
			children = (
				95E823111EDF57A100993AD4 /* Clients */,
				956899B11ED0AD1C00ADEEF6 /* StoryBoards */,
				956899B01ED0AD0900ADEEF6 /* ViesControllers */,
				953EAE501EDD184000F9B281 /* Models */,
				953EAE391EDCD91300F9B281 /* Services */,
				953EAE431EDD164A00F9B281 /* DataModels */,
				959BD48B1ED166E50054F885 /* Resources */,
				95ABE09B1ECEC95200C7E4F8 /* Assets.xcassets */,
				95ABE0941ECEC95200C7E4F8 /* AppDelegate.swift */,
				95ABE0A01ECEC95200C7E4F8 /* Info.plist */,
				95ABE09D1ECEC95200C7E4F8 /* LaunchScreen.storyboard */,
				953EAE3C1EDCDCB500F9B281 /* UPool.xcdatamodeld */,
			);
			path = UPool;
			sourceTree = "<group>";
		};
		95ABE0A81ECEC95200C7E4F8 /* UPoolTests */ = {
			isa = PBXGroup;
			children = (
				95ABE0A91ECEC95200C7E4F8 /* UPoolTests.swift */,
				95ABE0AB1ECEC95200C7E4F8 /* Info.plist */,
			);
			path = UPoolTests;
			sourceTree = "<group>";
		};
		95ABE0B31ECEC95200C7E4F8 /* UPoolUITests */ = {
			isa = PBXGroup;
			children = (
				95ABE0B41ECEC95200C7E4F8 /* UPoolUITests.swift */,
				95ABE0B61ECEC95200C7E4F8 /* Info.plist */,
			);
			path = UPoolUITests;
			sourceTree = "<group>";
		};
		95DBDDA61EDD3F7700D652B1 /* IModels */ = {
			isa = PBXGroup;
			children = (
				95DBDDA71EDD3F9400D652B1 /* ISignUpModel.swift */,
			);
			name = IModels;
			sourceTree = "<group>";
		};
		95E823111EDF57A100993AD4 /* Clients */ = {
			isa = PBXGroup;
			children = (
				95E823141EDF583F00993AD4 /* NetworkClient.swift */,
				95E823161EDF58F800993AD4 /* NetworkConstants.swift */,
				95E823181EDF5F2000993AD4 /* NetworkConfig.swift */,
				95E8231D1EDF601F00993AD4 /* NetworkConvenience.swift */,
			);
			name = Clients;
			sourceTree = "<group>";
		};
/* End PBXGroup section */

/* Begin PBXNativeTarget section */
		95ABE0901ECEC95200C7E4F8 /* UPool */ = {
			isa = PBXNativeTarget;
			buildConfigurationList = 95ABE0B91ECEC95200C7E4F8 /* Build configuration list for PBXNativeTarget "UPool" */;
			buildPhases = (
				C1F342C0C0C8589D5ECB20ED /* [CP] Check Pods Manifest.lock */,
				95ABE08D1ECEC95200C7E4F8 /* Sources */,
				95ABE08E1ECEC95200C7E4F8 /* Frameworks */,
				95ABE08F1ECEC95200C7E4F8 /* Resources */,
				DAEA5D1C8B2F1919B44DFF94 /* [CP] Embed Pods Frameworks */,
				43D02D1C17C6931C871627E0 /* [CP] Copy Pods Resources */,
			);
			buildRules = (
			);
			dependencies = (
			);
			name = UPool;
			productName = UPool;
			productReference = 95ABE0911ECEC95200C7E4F8 /* UPool.app */;
			productType = "com.apple.product-type.application";
		};
		95ABE0A41ECEC95200C7E4F8 /* UPoolTests */ = {
			isa = PBXNativeTarget;
			buildConfigurationList = 95ABE0BC1ECEC95200C7E4F8 /* Build configuration list for PBXNativeTarget "UPoolTests" */;
			buildPhases = (
				95ABE0A11ECEC95200C7E4F8 /* Sources */,
				95ABE0A21ECEC95200C7E4F8 /* Frameworks */,
				95ABE0A31ECEC95200C7E4F8 /* Resources */,
			);
			buildRules = (
			);
			dependencies = (
				95ABE0A71ECEC95200C7E4F8 /* PBXTargetDependency */,
			);
			name = UPoolTests;
			productName = UPoolTests;
			productReference = 95ABE0A51ECEC95200C7E4F8 /* UPoolTests.xctest */;
			productType = "com.apple.product-type.bundle.unit-test";
		};
		95ABE0AF1ECEC95200C7E4F8 /* UPoolUITests */ = {
			isa = PBXNativeTarget;
			buildConfigurationList = 95ABE0BF1ECEC95200C7E4F8 /* Build configuration list for PBXNativeTarget "UPoolUITests" */;
			buildPhases = (
				95ABE0AC1ECEC95200C7E4F8 /* Sources */,
				95ABE0AD1ECEC95200C7E4F8 /* Frameworks */,
				95ABE0AE1ECEC95200C7E4F8 /* Resources */,
			);
			buildRules = (
			);
			dependencies = (
				95ABE0B21ECEC95200C7E4F8 /* PBXTargetDependency */,
			);
			name = UPoolUITests;
			productName = UPoolUITests;
			productReference = 95ABE0B01ECEC95200C7E4F8 /* UPoolUITests.xctest */;
			productType = "com.apple.product-type.bundle.ui-testing";
		};
/* End PBXNativeTarget section */

/* Begin PBXProject section */
		95ABE0891ECEC95200C7E4F8 /* Project object */ = {
			isa = PBXProject;
			attributes = {
				LastSwiftUpdateCheck = 0830;
				LastUpgradeCheck = 0830;
				ORGANIZATIONNAME = UPool.iOS;
				TargetAttributes = {
					95ABE0901ECEC95200C7E4F8 = {
						CreatedOnToolsVersion = 8.3.2;
						DevelopmentTeam = U2DQ2B2NSD;
						ProvisioningStyle = Automatic;
					};
					95ABE0A41ECEC95200C7E4F8 = {
						CreatedOnToolsVersion = 8.3.2;
						DevelopmentTeam = U2DQ2B2NSD;
						ProvisioningStyle = Automatic;
						TestTargetID = 95ABE0901ECEC95200C7E4F8;
					};
					95ABE0AF1ECEC95200C7E4F8 = {
						CreatedOnToolsVersion = 8.3.2;
						DevelopmentTeam = U2DQ2B2NSD;
						ProvisioningStyle = Automatic;
						TestTargetID = 95ABE0901ECEC95200C7E4F8;
					};
				};
			};
			buildConfigurationList = 95ABE08C1ECEC95200C7E4F8 /* Build configuration list for PBXProject "UPool" */;
			compatibilityVersion = "Xcode 3.2";
			developmentRegion = English;
			hasScannedForEncodings = 0;
			knownRegions = (
				en,
				Base,
			);
			mainGroup = 95ABE0881ECEC95200C7E4F8;
			productRefGroup = 95ABE0921ECEC95200C7E4F8 /* Products */;
			projectDirPath = "";
			projectRoot = "";
			targets = (
				95ABE0901ECEC95200C7E4F8 /* UPool */,
				95ABE0A41ECEC95200C7E4F8 /* UPoolTests */,
				95ABE0AF1ECEC95200C7E4F8 /* UPoolUITests */,
			);
		};
/* End PBXProject section */

/* Begin PBXResourcesBuildPhase section */
		95ABE08F1ECEC95200C7E4F8 /* Resources */ = {
			isa = PBXResourcesBuildPhase;
			buildActionMask = 2147483647;
			files = (
				95ABE09F1ECEC95200C7E4F8 /* LaunchScreen.storyboard in Resources */,
				959A24811ED171BE00C343CE /* Localizable.plist in Resources */,
				95ABE09C1ECEC95200C7E4F8 /* Assets.xcassets in Resources */,
				9568A4321ED5395700EAB05B /* VehicleRequest.storyboard in Resources */,
				95ABE09A1ECEC95200C7E4F8 /* SignIn.storyboard in Resources */,
				953EAE351ED54D2800F9B281 /* Podfile in Resources */,
				959A24881ED21D1C00C343CE /* SignUp.storyboard in Resources */,
			);
			runOnlyForDeploymentPostprocessing = 0;
		};
		95ABE0A31ECEC95200C7E4F8 /* Resources */ = {
			isa = PBXResourcesBuildPhase;
			buildActionMask = 2147483647;
			files = (
			);
			runOnlyForDeploymentPostprocessing = 0;
		};
		95ABE0AE1ECEC95200C7E4F8 /* Resources */ = {
			isa = PBXResourcesBuildPhase;
			buildActionMask = 2147483647;
			files = (
			);
			runOnlyForDeploymentPostprocessing = 0;
		};
/* End PBXResourcesBuildPhase section */

/* Begin PBXShellScriptBuildPhase section */
		43D02D1C17C6931C871627E0 /* [CP] Copy Pods Resources */ = {
			isa = PBXShellScriptBuildPhase;
			buildActionMask = 2147483647;
			files = (
			);
			inputPaths = (
			);
			name = "[CP] Copy Pods Resources";
			outputPaths = (
			);
			runOnlyForDeploymentPostprocessing = 0;
			shellPath = /bin/sh;
			shellScript = "\"${SRCROOT}/Pods/Target Support Files/Pods-UPool/Pods-UPool-resources.sh\"\n";
			showEnvVarsInLog = 0;
		};
		C1F342C0C0C8589D5ECB20ED /* [CP] Check Pods Manifest.lock */ = {
			isa = PBXShellScriptBuildPhase;
			buildActionMask = 2147483647;
			files = (
			);
			inputPaths = (
			);
			name = "[CP] Check Pods Manifest.lock";
			outputPaths = (
			);
			runOnlyForDeploymentPostprocessing = 0;
			shellPath = /bin/sh;
			shellScript = "diff \"${PODS_PODFILE_DIR_PATH}/Podfile.lock\" \"${PODS_ROOT}/Manifest.lock\" > /dev/null\nif [ $? != 0 ] ; then\n    # print error to STDERR\n    echo \"error: The sandbox is not in sync with the Podfile.lock. Run 'pod install' or update your CocoaPods installation.\" >&2\n    exit 1\nfi\n";
			showEnvVarsInLog = 0;
		};
		DAEA5D1C8B2F1919B44DFF94 /* [CP] Embed Pods Frameworks */ = {
			isa = PBXShellScriptBuildPhase;
			buildActionMask = 2147483647;
			files = (
			);
			inputPaths = (
			);
			name = "[CP] Embed Pods Frameworks";
			outputPaths = (
			);
			runOnlyForDeploymentPostprocessing = 0;
			shellPath = /bin/sh;
			shellScript = "\"${SRCROOT}/Pods/Target Support Files/Pods-UPool/Pods-UPool-frameworks.sh\"\n";
			showEnvVarsInLog = 0;
		};
/* End PBXShellScriptBuildPhase section */

/* Begin PBXSourcesBuildPhase section */
		95ABE08D1ECEC95200C7E4F8 /* Sources */ = {
			isa = PBXSourcesBuildPhase;
			buildActionMask = 2147483647;
			files = (
				959A24861ED1722100C343CE /* Localizator.swift in Sources */,
				95ABE0971ECEC95200C7E4F8 /* SignInViewController.swift in Sources */,
				95ABE0951ECEC95200C7E4F8 /* AppDelegate.swift in Sources */,
				953EAE3B1EDCD99100F9B281 /* LocalRepositoryService.swift in Sources */,
				95E8231E1EDF601F00993AD4 /* NetworkConvenience.swift in Sources */,
				95DBDDA81EDD3F9400D652B1 /* ISignUpModel.swift in Sources */,
				953EAE4E1EDD17DE00F9B281 /* User+CoreDataClass.swift in Sources */,
				953EAE3E1EDCDCB500F9B281 /* UPool.xcdatamodeld in Sources */,
				959BD48D1ED167230054F885 /* UIViewControllerExtension.swift in Sources */,
				953EAE4F1EDD17DE00F9B281 /* User+CoreDataProperties.swift in Sources */,
				959A248A1ED21D4F00C343CE /* SignUpViewController.swift in Sources */,
				9568A4341ED5397800EAB05B /* VehicleRequestViewController.swift in Sources */,
				95E823151EDF583F00993AD4 /* NetworkClient.swift in Sources */,
				95E823171EDF58F800993AD4 /* NetworkConstants.swift in Sources */,
				9568A4301ED37F0000EAB05B /* UIColorExtension.swift in Sources */,
				95E823191EDF5F2000993AD4 /* NetworkConfig.swift in Sources */,
				953EAE521EDD186A00F9B281 /* SignUpModel.swift in Sources */,
			);
			runOnlyForDeploymentPostprocessing = 0;
		};
		95ABE0A11ECEC95200C7E4F8 /* Sources */ = {
			isa = PBXSourcesBuildPhase;
			buildActionMask = 2147483647;
			files = (
				95ABE0AA1ECEC95200C7E4F8 /* UPoolTests.swift in Sources */,
			);
			runOnlyForDeploymentPostprocessing = 0;
		};
		95ABE0AC1ECEC95200C7E4F8 /* Sources */ = {
			isa = PBXSourcesBuildPhase;
			buildActionMask = 2147483647;
			files = (
				95ABE0B51ECEC95200C7E4F8 /* UPoolUITests.swift in Sources */,
			);
			runOnlyForDeploymentPostprocessing = 0;
		};
/* End PBXSourcesBuildPhase section */

/* Begin PBXTargetDependency section */
		95ABE0A71ECEC95200C7E4F8 /* PBXTargetDependency */ = {
			isa = PBXTargetDependency;
			target = 95ABE0901ECEC95200C7E4F8 /* UPool */;
			targetProxy = 95ABE0A61ECEC95200C7E4F8 /* PBXContainerItemProxy */;
		};
		95ABE0B21ECEC95200C7E4F8 /* PBXTargetDependency */ = {
			isa = PBXTargetDependency;
			target = 95ABE0901ECEC95200C7E4F8 /* UPool */;
			targetProxy = 95ABE0B11ECEC95200C7E4F8 /* PBXContainerItemProxy */;
		};
/* End PBXTargetDependency section */

/* Begin PBXVariantGroup section */
		959A24831ED171BE00C343CE /* Localizable.plist */ = {
			isa = PBXVariantGroup;
			children = (
				959A24841ED171C300C343CE /* en */,
			);
			name = Localizable.plist;
			sourceTree = "<group>";
		};
		95ABE0981ECEC95200C7E4F8 /* SignIn.storyboard */ = {
			isa = PBXVariantGroup;
			children = (
				95ABE0991ECEC95200C7E4F8 /* Base */,
			);
			name = SignIn.storyboard;
			sourceTree = "<group>";
		};
		95ABE09D1ECEC95200C7E4F8 /* LaunchScreen.storyboard */ = {
			isa = PBXVariantGroup;
			children = (
				95ABE09E1ECEC95200C7E4F8 /* Base */,
			);
			name = LaunchScreen.storyboard;
			sourceTree = "<group>";
		};
/* End PBXVariantGroup section */

/* Begin XCBuildConfiguration section */
		95ABE0B71ECEC95200C7E4F8 /* Debug */ = {
			isa = XCBuildConfiguration;
			buildSettings = {
				ALWAYS_SEARCH_USER_PATHS = NO;
				CLANG_ANALYZER_NONNULL = YES;
				CLANG_ANALYZER_NUMBER_OBJECT_CONVERSION = YES_AGGRESSIVE;
				CLANG_CXX_LANGUAGE_STANDARD = "gnu++0x";
				CLANG_CXX_LIBRARY = "libc++";
				CLANG_ENABLE_MODULES = YES;
				CLANG_ENABLE_OBJC_ARC = YES;
				CLANG_WARN_BOOL_CONVERSION = YES;
				CLANG_WARN_CONSTANT_CONVERSION = YES;
				CLANG_WARN_DIRECT_OBJC_ISA_USAGE = YES_ERROR;
				CLANG_WARN_DOCUMENTATION_COMMENTS = YES;
				CLANG_WARN_EMPTY_BODY = YES;
				CLANG_WARN_ENUM_CONVERSION = YES;
				CLANG_WARN_INFINITE_RECURSION = YES;
				CLANG_WARN_INT_CONVERSION = YES;
				CLANG_WARN_OBJC_ROOT_CLASS = YES_ERROR;
				CLANG_WARN_SUSPICIOUS_MOVE = YES;
				CLANG_WARN_UNREACHABLE_CODE = YES;
				CLANG_WARN__DUPLICATE_METHOD_MATCH = YES;
				"CODE_SIGN_IDENTITY[sdk=iphoneos*]" = "iPhone Developer";
				COPY_PHASE_STRIP = NO;
				DEBUG_INFORMATION_FORMAT = dwarf;
				ENABLE_BITCODE = YES;
				ENABLE_STRICT_OBJC_MSGSEND = YES;
				ENABLE_TESTABILITY = YES;
				GCC_C_LANGUAGE_STANDARD = gnu99;
				GCC_DYNAMIC_NO_PIC = NO;
				GCC_NO_COMMON_BLOCKS = YES;
				GCC_OPTIMIZATION_LEVEL = 0;
				GCC_PREPROCESSOR_DEFINITIONS = (
					"DEBUG=1",
					"$(inherited)",
				);
				GCC_WARN_64_TO_32_BIT_CONVERSION = YES;
				GCC_WARN_ABOUT_RETURN_TYPE = YES_ERROR;
				GCC_WARN_UNDECLARED_SELECTOR = YES;
				GCC_WARN_UNINITIALIZED_AUTOS = YES_AGGRESSIVE;
				GCC_WARN_UNUSED_FUNCTION = YES;
				GCC_WARN_UNUSED_VARIABLE = YES;
				IPHONEOS_DEPLOYMENT_TARGET = 10.3;
				MTL_ENABLE_DEBUG_INFO = YES;
				ONLY_ACTIVE_ARCH = YES;
				SDKROOT = iphoneos;
				SWIFT_ACTIVE_COMPILATION_CONDITIONS = DEBUG;
				SWIFT_OPTIMIZATION_LEVEL = "-Onone";
				TARGETED_DEVICE_FAMILY = "1,2";
			};
			name = Debug;
		};
		95ABE0B81ECEC95200C7E4F8 /* Release */ = {
			isa = XCBuildConfiguration;
			buildSettings = {
				ALWAYS_SEARCH_USER_PATHS = NO;
				CLANG_ANALYZER_NONNULL = YES;
				CLANG_ANALYZER_NUMBER_OBJECT_CONVERSION = YES_AGGRESSIVE;
				CLANG_CXX_LANGUAGE_STANDARD = "gnu++0x";
				CLANG_CXX_LIBRARY = "libc++";
				CLANG_ENABLE_MODULES = YES;
				CLANG_ENABLE_OBJC_ARC = YES;
				CLANG_WARN_BOOL_CONVERSION = YES;
				CLANG_WARN_CONSTANT_CONVERSION = YES;
				CLANG_WARN_DIRECT_OBJC_ISA_USAGE = YES_ERROR;
				CLANG_WARN_DOCUMENTATION_COMMENTS = YES;
				CLANG_WARN_EMPTY_BODY = YES;
				CLANG_WARN_ENUM_CONVERSION = YES;
				CLANG_WARN_INFINITE_RECURSION = YES;
				CLANG_WARN_INT_CONVERSION = YES;
				CLANG_WARN_OBJC_ROOT_CLASS = YES_ERROR;
				CLANG_WARN_SUSPICIOUS_MOVE = YES;
				CLANG_WARN_UNREACHABLE_CODE = YES;
				CLANG_WARN__DUPLICATE_METHOD_MATCH = YES;
				"CODE_SIGN_IDENTITY[sdk=iphoneos*]" = "iPhone Developer";
				COPY_PHASE_STRIP = NO;
				DEBUG_INFORMATION_FORMAT = "dwarf-with-dsym";
				ENABLE_BITCODE = YES;
				ENABLE_NS_ASSERTIONS = NO;
				ENABLE_STRICT_OBJC_MSGSEND = YES;
				GCC_C_LANGUAGE_STANDARD = gnu99;
				GCC_NO_COMMON_BLOCKS = YES;
				GCC_WARN_64_TO_32_BIT_CONVERSION = YES;
				GCC_WARN_ABOUT_RETURN_TYPE = YES_ERROR;
				GCC_WARN_UNDECLARED_SELECTOR = YES;
				GCC_WARN_UNINITIALIZED_AUTOS = YES_AGGRESSIVE;
				GCC_WARN_UNUSED_FUNCTION = YES;
				GCC_WARN_UNUSED_VARIABLE = YES;
				IPHONEOS_DEPLOYMENT_TARGET = 10.3;
				MTL_ENABLE_DEBUG_INFO = NO;
				SDKROOT = iphoneos;
				SWIFT_OPTIMIZATION_LEVEL = "-Owholemodule";
				TARGETED_DEVICE_FAMILY = "1,2";
				VALIDATE_PRODUCT = YES;
			};
			name = Release;
		};
		95ABE0BA1ECEC95200C7E4F8 /* Debug */ = {
			isa = XCBuildConfiguration;
			baseConfigurationReference = 5E85308045E832C988728C86 /* Pods-UPool.debug.xcconfig */;
			buildSettings = {
				ASSETCATALOG_COMPILER_APPICON_NAME = AppIcon;
				DEVELOPMENT_TEAM = U2DQ2B2NSD;
				INFOPLIST_FILE = UPool/Info.plist;
				LD_RUNPATH_SEARCH_PATHS = "$(inherited) @executable_path/Frameworks";
				PRODUCT_BUNDLE_IDENTIFIER = com.UPool.iOS.UPool;
				PRODUCT_NAME = "$(TARGET_NAME)";
				SWIFT_VERSION = 3.0;
			};
			name = Debug;
		};
		95ABE0BB1ECEC95200C7E4F8 /* Release */ = {
			isa = XCBuildConfiguration;
			baseConfigurationReference = BA2DEA23198A7860BEBA1C1B /* Pods-UPool.release.xcconfig */;
			buildSettings = {
				ASSETCATALOG_COMPILER_APPICON_NAME = AppIcon;
				DEVELOPMENT_TEAM = U2DQ2B2NSD;
				INFOPLIST_FILE = UPool/Info.plist;
				LD_RUNPATH_SEARCH_PATHS = "$(inherited) @executable_path/Frameworks";
				PRODUCT_BUNDLE_IDENTIFIER = com.UPool.iOS.UPool;
				PRODUCT_NAME = "$(TARGET_NAME)";
				SWIFT_VERSION = 3.0;
			};
			name = Release;
		};
		95ABE0BD1ECEC95200C7E4F8 /* Debug */ = {
			isa = XCBuildConfiguration;
			buildSettings = {
				ALWAYS_EMBED_SWIFT_STANDARD_LIBRARIES = YES;
				BUNDLE_LOADER = "$(TEST_HOST)";
				DEVELOPMENT_TEAM = U2DQ2B2NSD;
				INFOPLIST_FILE = UPoolTests/Info.plist;
				LD_RUNPATH_SEARCH_PATHS = "$(inherited) @executable_path/Frameworks @loader_path/Frameworks";
				PRODUCT_BUNDLE_IDENTIFIER = com.UPool.iOS.UPoolTests;
				PRODUCT_NAME = "$(TARGET_NAME)";
				SWIFT_VERSION = 3.0;
				TEST_HOST = "$(BUILT_PRODUCTS_DIR)/UPool.app/UPool";
			};
			name = Debug;
		};
		95ABE0BE1ECEC95200C7E4F8 /* Release */ = {
			isa = XCBuildConfiguration;
			buildSettings = {
				ALWAYS_EMBED_SWIFT_STANDARD_LIBRARIES = YES;
				BUNDLE_LOADER = "$(TEST_HOST)";
				DEVELOPMENT_TEAM = U2DQ2B2NSD;
				INFOPLIST_FILE = UPoolTests/Info.plist;
				LD_RUNPATH_SEARCH_PATHS = "$(inherited) @executable_path/Frameworks @loader_path/Frameworks";
				PRODUCT_BUNDLE_IDENTIFIER = com.UPool.iOS.UPoolTests;
				PRODUCT_NAME = "$(TARGET_NAME)";
				SWIFT_VERSION = 3.0;
				TEST_HOST = "$(BUILT_PRODUCTS_DIR)/UPool.app/UPool";
			};
			name = Release;
		};
		95ABE0C01ECEC95200C7E4F8 /* Debug */ = {
			isa = XCBuildConfiguration;
			buildSettings = {
				ALWAYS_EMBED_SWIFT_STANDARD_LIBRARIES = YES;
				DEVELOPMENT_TEAM = U2DQ2B2NSD;
				INFOPLIST_FILE = UPoolUITests/Info.plist;
				LD_RUNPATH_SEARCH_PATHS = "$(inherited) @executable_path/Frameworks @loader_path/Frameworks";
				PRODUCT_BUNDLE_IDENTIFIER = com.UPool.iOS.UPoolUITests;
				PRODUCT_NAME = "$(TARGET_NAME)";
				SWIFT_VERSION = 3.0;
				TEST_TARGET_NAME = UPool;
			};
			name = Debug;
		};
		95ABE0C11ECEC95200C7E4F8 /* Release */ = {
			isa = XCBuildConfiguration;
			buildSettings = {
				ALWAYS_EMBED_SWIFT_STANDARD_LIBRARIES = YES;
				DEVELOPMENT_TEAM = U2DQ2B2NSD;
				INFOPLIST_FILE = UPoolUITests/Info.plist;
				LD_RUNPATH_SEARCH_PATHS = "$(inherited) @executable_path/Frameworks @loader_path/Frameworks";
				PRODUCT_BUNDLE_IDENTIFIER = com.UPool.iOS.UPoolUITests;
				PRODUCT_NAME = "$(TARGET_NAME)";
				SWIFT_VERSION = 3.0;
				TEST_TARGET_NAME = UPool;
			};
			name = Release;
		};
/* End XCBuildConfiguration section */

/* Begin XCConfigurationList section */
		95ABE08C1ECEC95200C7E4F8 /* Build configuration list for PBXProject "UPool" */ = {
			isa = XCConfigurationList;
			buildConfigurations = (
				95ABE0B71ECEC95200C7E4F8 /* Debug */,
				95ABE0B81ECEC95200C7E4F8 /* Release */,
			);
			defaultConfigurationIsVisible = 0;
			defaultConfigurationName = Release;
		};
		95ABE0B91ECEC95200C7E4F8 /* Build configuration list for PBXNativeTarget "UPool" */ = {
			isa = XCConfigurationList;
			buildConfigurations = (
				95ABE0BA1ECEC95200C7E4F8 /* Debug */,
				95ABE0BB1ECEC95200C7E4F8 /* Release */,
			);
			defaultConfigurationIsVisible = 0;
			defaultConfigurationName = Release;
		};
		95ABE0BC1ECEC95200C7E4F8 /* Build configuration list for PBXNativeTarget "UPoolTests" */ = {
			isa = XCConfigurationList;
			buildConfigurations = (
				95ABE0BD1ECEC95200C7E4F8 /* Debug */,
				95ABE0BE1ECEC95200C7E4F8 /* Release */,
			);
			defaultConfigurationIsVisible = 0;
			defaultConfigurationName = Release;
		};
		95ABE0BF1ECEC95200C7E4F8 /* Build configuration list for PBXNativeTarget "UPoolUITests" */ = {
			isa = XCConfigurationList;
			buildConfigurations = (
				95ABE0C01ECEC95200C7E4F8 /* Debug */,
				95ABE0C11ECEC95200C7E4F8 /* Release */,
			);
			defaultConfigurationIsVisible = 0;
			defaultConfigurationName = Release;
		};
/* End XCConfigurationList section */

/* Begin XCVersionGroup section */
		953EAE3C1EDCDCB500F9B281 /* UPool.xcdatamodeld */ = {
			isa = XCVersionGroup;
			children = (
				953EAE3D1EDCDCB500F9B281 /* UPool.xcdatamodel */,
			);
			currentVersion = 953EAE3D1EDCDCB500F9B281 /* UPool.xcdatamodel */;
			path = UPool.xcdatamodeld;
			sourceTree = "<group>";
			versionGroupType = wrapper.xcdatamodel;
		};
/* End XCVersionGroup section */
	};
	rootObject = 95ABE0891ECEC95200C7E4F8 /* Project object */;
}
